{
    "_meta": {
        "hash": {
            "sha256": "1bb0e8bd584eb85fbd48ad5c8b2cde76dae2a102719c7bd14c5d91b1f709a88a"
        },
        "requires": {},
        "sources": [
            {
                "url": "https://pypi.python.org/simple",
                "verify_ssl": true
            }
        ]
    },
    "default": {
        "colorama": {
            "version": "==0.3.9"
        },
        "keyring": {
            "version": "==5.3"
        }
    },
    "develop": {
        "flake8": {
            "version": "==3.5.0"
        },
        "flake8-quotes": {
            "version": "==1.0.0"
        },
        "mccabe": {
            "version": "==0.6.1"
        },
        "pycodestyle": {
            "version": "==2.3.1"
        },
        "pyflakes": {
            "version": "==1.6.0"
        }
    }
}
